
Microsoft Visual Studio Solution File, Format Version 12.00
# Visual Studio 15
VisualStudioVersion = 15.0.28307.136
MinimumVisualStudioVersion = 10.0.40219.1
Project("{FAE04EC0-301F-11D3-BF4B-00C04F79EFBC}") = "ShopBillingApp", "ShopBillingApp\ShopBillingApp.csproj", "{07E180E1-EC19-4A15-8560-CC27CE60B756}"
EndProject
Global
	GlobalSection(SolutionConfigurationPlatforms) = preSolution
		Debug|Any CPU = Debug|Any CPU
		Release|Any CPU = Release|Any CPU
	EndGlobalSection
	GlobalSection(ProjectConfigurationPlatforms) = postSolution
		{07E180E1-EC19-4A15-8560-CC27CE60B756}.Debug|Any CPU.ActiveCfg = Debug|Any CPU
		{07E180E1-EC19-4A15-8560-CC27CE60B756}.Debug|Any CPU.Build.0 = Debug|Any CPU
		{07E180E1-EC19-4A15-8560-CC27CE60B756}.Release|Any CPU.ActiveCfg = Release|Any CPU
		{07E180E1-EC19-4A15-8560-CC27CE60B756}.Release|Any CPU.Build.0 = Release|Any CPU
	EndGlobalSection
	GlobalSection(SolutionProperties) = preSolution
		HideSolutionNode = FALSE
	EndGlobalSection
	GlobalSection(ExtensibilityGlobals) = postSolution
		SolutionGuid = {33A8D27C-5B25-4461-A660-481B04EF4194}
	EndGlobalSection
EndGlobal
